
Microsoft Visual Studio Solution File, Format Version 12.00
# Visual Studio Version 16
VisualStudioVersion = 16.0.30517.126
MinimumVisualStudioVersion = 10.0.40219.1
Project("{FAE04EC0-301F-11D3-BF4B-00C04F79EFBC}") = "IT_CompanyXamarinAPI.Android", "IT_CompanyXamarinAPI\IT_CompanyXamarinAPI.Android\IT_CompanyXamarinAPI.Android.csproj", "{53F71F37-6576-443C-83B3-8556E78A5905}"
EndProject
Project("{9A19103F-16F7-4668-BE54-9A1E7A4F7556}") = "IT_CompanyXamarinAPI", "IT_CompanyXamarinAPI\IT_CompanyXamarinAPI\IT_CompanyXamarinAPI.csproj", "{EE557979-9E38-45D8-A198-0D75A28DADAF}"
EndProject
Project("{2150E333-8FDC-42A3-9474-1A3956D46DE8}") = "Solution Items", "Solution Items", "{8E3E168A-9206-4146-8847-168B9BF537BD}"
	ProjectSection(SolutionItems) = preProject
		.editorconfig = .editorconfig
	EndProjectSection
EndProject
Global
	GlobalSection(SolutionConfigurationPlatforms) = preSolution
		Debug|Any CPU = Debug|Any CPU
		Release|Any CPU = Release|Any CPU
	EndGlobalSection
	GlobalSection(ProjectConfigurationPlatforms) = postSolution
		{53F71F37-6576-443C-83B3-8556E78A5905}.Debug|Any CPU.ActiveCfg = Debug|Any CPU
		{53F71F37-6576-443C-83B3-8556E78A5905}.Debug|Any CPU.Build.0 = Debug|Any CPU
		{53F71F37-6576-443C-83B3-8556E78A5905}.Debug|Any CPU.Deploy.0 = Debug|Any CPU
		{53F71F37-6576-443C-83B3-8556E78A5905}.Release|Any CPU.ActiveCfg = Release|Any CPU
		{53F71F37-6576-443C-83B3-8556E78A5905}.Release|Any CPU.Build.0 = Release|Any CPU
		{53F71F37-6576-443C-83B3-8556E78A5905}.Release|Any CPU.Deploy.0 = Release|Any CPU
		{EE557979-9E38-45D8-A198-0D75A28DADAF}.Debug|Any CPU.ActiveCfg = Debug|Any CPU
		{EE557979-9E38-45D8-A198-0D75A28DADAF}.Debug|Any CPU.Build.0 = Debug|Any CPU
		{EE557979-9E38-45D8-A198-0D75A28DADAF}.Debug|Any CPU.Deploy.0 = Debug|Any CPU
		{EE557979-9E38-45D8-A198-0D75A28DADAF}.Release|Any CPU.ActiveCfg = Release|Any CPU
		{EE557979-9E38-45D8-A198-0D75A28DADAF}.Release|Any CPU.Build.0 = Release|Any CPU
		{EE557979-9E38-45D8-A198-0D75A28DADAF}.Release|Any CPU.Deploy.0 = Release|Any CPU
	EndGlobalSection
	GlobalSection(SolutionProperties) = preSolution
		HideSolutionNode = FALSE
	EndGlobalSection
	GlobalSection(ExtensibilityGlobals) = postSolution
		SolutionGuid = {C482E258-4867-424B-83CD-F30B2F716562}
	EndGlobalSection
EndGlobal
